
Microsoft Visual Studio Solution File, Format Version 12.00
# Visual Studio Version 17
VisualStudioVersion = 17.10.34928.147
MinimumVisualStudioVersion = 10.0.40219.1
Project("{FAE04EC0-301F-11D3-BF4B-00C04F79EFBC}") = "Click&Go", "Click&Go.csproj", "{E6A916BC-2285-45BD-89A9-F20D6FED5A92}"
EndProject
Global
	GlobalSection(SolutionConfigurationPlatforms) = preSolution
		Debug|Any CPU = Debug|Any CPU
		Release|Any CPU = Release|Any CPU
	EndGlobalSection
	GlobalSection(ProjectConfigurationPlatforms) = postSolution
		{E6A916BC-2285-45BD-89A9-F20D6FED5A92}.Debug|Any CPU.ActiveCfg = Debug|Any CPU
		{E6A916BC-2285-45BD-89A9-F20D6FED5A92}.Debug|Any CPU.Build.0 = Debug|Any CPU
		{E6A916BC-2285-45BD-89A9-F20D6FED5A92}.Release|Any CPU.ActiveCfg = Release|Any CPU
		{E6A916BC-2285-45BD-89A9-F20D6FED5A92}.Release|Any CPU.Build.0 = Release|Any CPU
	EndGlobalSection
	GlobalSection(SolutionProperties) = preSolution
		HideSolutionNode = FALSE
	EndGlobalSection
	GlobalSection(ExtensibilityGlobals) = postSolution
		SolutionGuid = {DDDF0CDC-2D9C-44FD-BA02-EFC9E8D96F08}
	EndGlobalSection
EndGlobal
